// !$*UTF8*$!
{
	archiveVersion = 1;
	classes = {
	};
	objectVersion = 55;
	objects = {

/* Begin PBXBuildFile section */
		78DF9F19AE072A48182474F2 /* Pods_VKNewsFeed.framework in Frameworks */ = {isa = PBXBuildFile; fileRef = 2D46AFBA5249D0B14726A2C2 /* Pods_VKNewsFeed.framework */; };
		9C773BC5287F3177008C4921 /* AppDelegate.swift in Sources */ = {isa = PBXBuildFile; fileRef = 9C773BC4287F3177008C4921 /* AppDelegate.swift */; };
		9C773BC7287F3177008C4921 /* SceneDelegate.swift in Sources */ = {isa = PBXBuildFile; fileRef = 9C773BC6287F3177008C4921 /* SceneDelegate.swift */; };
		9C773BC9287F3177008C4921 /* AuthViewController.swift in Sources */ = {isa = PBXBuildFile; fileRef = 9C773BC8287F3177008C4921 /* AuthViewController.swift */; };
		9C773BCE287F3177008C4921 /* Assets.xcassets in Resources */ = {isa = PBXBuildFile; fileRef = 9C773BCD287F3177008C4921 /* Assets.xcassets */; };
		9C773BD1287F3177008C4921 /* LaunchScreen.storyboard in Resources */ = {isa = PBXBuildFile; fileRef = 9C773BCF287F3177008C4921 /* LaunchScreen.storyboard */; };
		9C773BD9287F46E9008C4921 /* AuthService.swift in Sources */ = {isa = PBXBuildFile; fileRef = 9C773BD8287F46E9008C4921 /* AuthService.swift */; };
		9C773BDC28807D3E008C4921 /* AuthViewController.storyboard in Resources */ = {isa = PBXBuildFile; fileRef = 9C773BDB28807D3E008C4921 /* AuthViewController.storyboard */; };
		9C7863362880A1B900CC94E1 /* FeedViewController.swift in Sources */ = {isa = PBXBuildFile; fileRef = 9C7863352880A1B900CC94E1 /* FeedViewController.swift */; };
		9C7863382880A1ED00CC94E1 /* FeedViewController.storyboard in Resources */ = {isa = PBXBuildFile; fileRef = 9C7863372880A1ED00CC94E1 /* FeedViewController.storyboard */; };
/* End PBXBuildFile section */

/* Begin PBXFileReference section */
		2D46AFBA5249D0B14726A2C2 /* Pods_VKNewsFeed.framework */ = {isa = PBXFileReference; explicitFileType = wrapper.framework; includeInIndex = 0; path = Pods_VKNewsFeed.framework; sourceTree = BUILT_PRODUCTS_DIR; };
		3D31A4435FAC3DE326C8408D /* Pods-VKNewsFeed.release.xcconfig */ = {isa = PBXFileReference; includeInIndex = 1; lastKnownFileType = text.xcconfig; name = "Pods-VKNewsFeed.release.xcconfig"; path = "Target Support Files/Pods-VKNewsFeed/Pods-VKNewsFeed.release.xcconfig"; sourceTree = "<group>"; };
		590A3B86FE5E99FD220CE60E /* Pods-VKNewsFeed.debug.xcconfig */ = {isa = PBXFileReference; includeInIndex = 1; lastKnownFileType = text.xcconfig; name = "Pods-VKNewsFeed.debug.xcconfig"; path = "Target Support Files/Pods-VKNewsFeed/Pods-VKNewsFeed.debug.xcconfig"; sourceTree = "<group>"; };
		9C773BC1287F3177008C4921 /* VKNewsFeed.app */ = {isa = PBXFileReference; explicitFileType = wrapper.application; includeInIndex = 0; path = VKNewsFeed.app; sourceTree = BUILT_PRODUCTS_DIR; };
		9C773BC4287F3177008C4921 /* AppDelegate.swift */ = {isa = PBXFileReference; lastKnownFileType = sourcecode.swift; path = AppDelegate.swift; sourceTree = "<group>"; };
		9C773BC6287F3177008C4921 /* SceneDelegate.swift */ = {isa = PBXFileReference; lastKnownFileType = sourcecode.swift; path = SceneDelegate.swift; sourceTree = "<group>"; };
		9C773BC8287F3177008C4921 /* AuthViewController.swift */ = {isa = PBXFileReference; lastKnownFileType = sourcecode.swift; path = AuthViewController.swift; sourceTree = "<group>"; };
		9C773BCD287F3177008C4921 /* Assets.xcassets */ = {isa = PBXFileReference; lastKnownFileType = folder.assetcatalog; path = Assets.xcassets; sourceTree = "<group>"; };
		9C773BD0287F3177008C4921 /* Base */ = {isa = PBXFileReference; lastKnownFileType = file.storyboard; name = Base; path = Base.lproj/LaunchScreen.storyboard; sourceTree = "<group>"; };
		9C773BD2287F3177008C4921 /* Info.plist */ = {isa = PBXFileReference; lastKnownFileType = text.plist.xml; path = Info.plist; sourceTree = "<group>"; };
		9C773BD8287F46E9008C4921 /* AuthService.swift */ = {isa = PBXFileReference; lastKnownFileType = sourcecode.swift; path = AuthService.swift; sourceTree = "<group>"; };
		9C773BDB28807D3E008C4921 /* AuthViewController.storyboard */ = {isa = PBXFileReference; lastKnownFileType = file.storyboard; path = AuthViewController.storyboard; sourceTree = "<group>"; };
		9C7863352880A1B900CC94E1 /* FeedViewController.swift */ = {isa = PBXFileReference; lastKnownFileType = sourcecode.swift; path = FeedViewController.swift; sourceTree = "<group>"; };
		9C7863372880A1ED00CC94E1 /* FeedViewController.storyboard */ = {isa = PBXFileReference; lastKnownFileType = file.storyboard; path = FeedViewController.storyboard; sourceTree = "<group>"; };
/* End PBXFileReference section */

/* Begin PBXFrameworksBuildPhase section */
		9C773BBE287F3177008C4921 /* Frameworks */ = {
			isa = PBXFrameworksBuildPhase;
			buildActionMask = 2147483647;
			files = (
				78DF9F19AE072A48182474F2 /* Pods_VKNewsFeed.framework in Frameworks */,
			);
			runOnlyForDeploymentPostprocessing = 0;
		};
/* End PBXFrameworksBuildPhase section */

/* Begin PBXGroup section */
		3A45E139084ECC628BE14526 /* Frameworks */ = {
			isa = PBXGroup;
			children = (
				2D46AFBA5249D0B14726A2C2 /* Pods_VKNewsFeed.framework */,
			);
			name = Frameworks;
			sourceTree = "<group>";
		};
		4CFCFF723252668F72B1A3A8 /* Pods */ = {
			isa = PBXGroup;
			children = (
				590A3B86FE5E99FD220CE60E /* Pods-VKNewsFeed.debug.xcconfig */,
				3D31A4435FAC3DE326C8408D /* Pods-VKNewsFeed.release.xcconfig */,
			);
			path = Pods;
			sourceTree = "<group>";
		};
		9C6F88A62880A42C0058931C /* FeedViewController */ = {
			isa = PBXGroup;
			children = (
				9C773BDB28807D3E008C4921 /* AuthViewController.storyboard */,
				9C7863372880A1ED00CC94E1 /* FeedViewController.storyboard */,
			);
			path = FeedViewController;
			sourceTree = "<group>";
		};
		9C6F88A72880A4470058931C /* Auth */ = {
			isa = PBXGroup;
			children = (
				9C773BC8287F3177008C4921 /* AuthViewController.swift */,
				9C7863352880A1B900CC94E1 /* FeedViewController.swift */,
			);
			path = Auth;
			sourceTree = "<group>";
		};
		9C773BB8287F3177008C4921 = {
			isa = PBXGroup;
			children = (
				9C773BC3287F3177008C4921 /* VKNewsFeed */,
				9C773BC2287F3177008C4921 /* Products */,
				4CFCFF723252668F72B1A3A8 /* Pods */,
				3A45E139084ECC628BE14526 /* Frameworks */,
			);
			sourceTree = "<group>";
		};
		9C773BC2287F3177008C4921 /* Products */ = {
			isa = PBXGroup;
			children = (
				9C773BC1287F3177008C4921 /* VKNewsFeed.app */,
			);
			name = Products;
			sourceTree = "<group>";
		};
		9C773BC3287F3177008C4921 /* VKNewsFeed */ = {
			isa = PBXGroup;
			children = (
				9C773BC4287F3177008C4921 /* AppDelegate.swift */,
				9C773BC6287F3177008C4921 /* SceneDelegate.swift */,
				9C6F88A72880A4470058931C /* Auth */,
				9C6F88A62880A42C0058931C /* FeedViewController */,
				9C773BDA287F4704008C4921 /* Service */,
				9C773BCD287F3177008C4921 /* Assets.xcassets */,
				9C773BCF287F3177008C4921 /* LaunchScreen.storyboard */,
				9C773BD2287F3177008C4921 /* Info.plist */,
			);
			path = VKNewsFeed;
			sourceTree = "<group>";
		};
		9C773BDA287F4704008C4921 /* Service */ = {
			isa = PBXGroup;
			children = (
				9C773BD8287F46E9008C4921 /* AuthService.swift */,
			);
			path = Service;
			sourceTree = "<group>";
		};
/* End PBXGroup section */

/* Begin PBXNativeTarget section */
		9C773BC0287F3177008C4921 /* VKNewsFeed */ = {
			isa = PBXNativeTarget;
			buildConfigurationList = 9C773BD5287F3177008C4921 /* Build configuration list for PBXNativeTarget "VKNewsFeed" */;
			buildPhases = (
				87CBA7B6E6764065C8164BAD /* [CP] Check Pods Manifest.lock */,
				9C773BBD287F3177008C4921 /* Sources */,
				9C773BBE287F3177008C4921 /* Frameworks */,
				9C773BBF287F3177008C4921 /* Resources */,
				45B294DE4C2EA04085AA74D6 /* [CP] Embed Pods Frameworks */,
			);
			buildRules = (
			);
			dependencies = (
			);
			name = VKNewsFeed;
			productName = VKNewsFeed;
			productReference = 9C773BC1287F3177008C4921 /* VKNewsFeed.app */;
			productType = "com.apple.product-type.application";
		};
/* End PBXNativeTarget section */

/* Begin PBXProject section */
		9C773BB9287F3177008C4921 /* Project object */ = {
			isa = PBXProject;
			attributes = {
				BuildIndependentTargetsInParallel = 1;
				LastSwiftUpdateCheck = 1320;
				LastUpgradeCheck = 1320;
				TargetAttributes = {
					9C773BC0287F3177008C4921 = {
						CreatedOnToolsVersion = 13.2.1;
					};
				};
			};
			buildConfigurationList = 9C773BBC287F3177008C4921 /* Build configuration list for PBXProject "VKNewsFeed" */;
			compatibilityVersion = "Xcode 13.0";
			developmentRegion = en;
			hasScannedForEncodings = 0;
			knownRegions = (
				en,
				Base,
			);
			mainGroup = 9C773BB8287F3177008C4921;
			productRefGroup = 9C773BC2287F3177008C4921 /* Products */;
			projectDirPath = "";
			projectRoot = "";
			targets = (
				9C773BC0287F3177008C4921 /* VKNewsFeed */,
			);
		};
/* End PBXProject section */

/* Begin PBXResourcesBuildPhase section */
		9C773BBF287F3177008C4921 /* Resources */ = {
			isa = PBXResourcesBuildPhase;
			buildActionMask = 2147483647;
			files = (
				9C773BD1287F3177008C4921 /* LaunchScreen.storyboard in Resources */,
				9C773BDC28807D3E008C4921 /* AuthViewController.storyboard in Resources */,
				9C773BCE287F3177008C4921 /* Assets.xcassets in Resources */,
				9C7863382880A1ED00CC94E1 /* FeedViewController.storyboard in Resources */,
			);
			runOnlyForDeploymentPostprocessing = 0;
		};
/* End PBXResourcesBuildPhase section */

/* Begin PBXShellScriptBuildPhase section */
		45B294DE4C2EA04085AA74D6 /* [CP] Embed Pods Frameworks */ = {
			isa = PBXShellScriptBuildPhase;
			buildActionMask = 2147483647;
			files = (
			);
			inputFileListPaths = (
				"${PODS_ROOT}/Target Support Files/Pods-VKNewsFeed/Pods-VKNewsFeed-frameworks-${CONFIGURATION}-input-files.xcfilelist",
			);
			name = "[CP] Embed Pods Frameworks";
			outputFileListPaths = (
				"${PODS_ROOT}/Target Support Files/Pods-VKNewsFeed/Pods-VKNewsFeed-frameworks-${CONFIGURATION}-output-files.xcfilelist",
			);
			runOnlyForDeploymentPostprocessing = 0;
			shellPath = /bin/sh;
			shellScript = "\"${PODS_ROOT}/Target Support Files/Pods-VKNewsFeed/Pods-VKNewsFeed-frameworks.sh\"\n";
			showEnvVarsInLog = 0;
		};
		87CBA7B6E6764065C8164BAD /* [CP] Check Pods Manifest.lock */ = {
			isa = PBXShellScriptBuildPhase;
			buildActionMask = 2147483647;
			files = (
			);
			inputFileListPaths = (
			);
			inputPaths = (
				"${PODS_PODFILE_DIR_PATH}/Podfile.lock",
				"${PODS_ROOT}/Manifest.lock",
			);
			name = "[CP] Check Pods Manifest.lock";
			outputFileListPaths = (
			);
			outputPaths = (
				"$(DERIVED_FILE_DIR)/Pods-VKNewsFeed-checkManifestLockResult.txt",
			);
			runOnlyForDeploymentPostprocessing = 0;
			shellPath = /bin/sh;
			shellScript = "diff \"${PODS_PODFILE_DIR_PATH}/Podfile.lock\" \"${PODS_ROOT}/Manifest.lock\" > /dev/null\nif [ $? != 0 ] ; then\n    # print error to STDERR\n    echo \"error: The sandbox is not in sync with the Podfile.lock. Run 'pod install' or update your CocoaPods installation.\" >&2\n    exit 1\nfi\n# This output is used by Xcode 'outputs' to avoid re-running this script phase.\necho \"SUCCESS\" > \"${SCRIPT_OUTPUT_FILE_0}\"\n";
			showEnvVarsInLog = 0;
		};
/* End PBXShellScriptBuildPhase section */

/* Begin PBXSourcesBuildPhase section */
		9C773BBD287F3177008C4921 /* Sources */ = {
			isa = PBXSourcesBuildPhase;
			buildActionMask = 2147483647;
			files = (
				9C773BC9287F3177008C4921 /* AuthViewController.swift in Sources */,
				9C773BC5287F3177008C4921 /* AppDelegate.swift in Sources */,
				9C7863362880A1B900CC94E1 /* FeedViewController.swift in Sources */,
				9C773BC7287F3177008C4921 /* SceneDelegate.swift in Sources */,
				9C773BD9287F46E9008C4921 /* AuthService.swift in Sources */,
			);
			runOnlyForDeploymentPostprocessing = 0;
		};
/* End PBXSourcesBuildPhase section */

/* Begin PBXVariantGroup section */
		9C773BCF287F3177008C4921 /* LaunchScreen.storyboard */ = {
			isa = PBXVariantGroup;
			children = (
				9C773BD0287F3177008C4921 /* Base */,
			);
			name = LaunchScreen.storyboard;
			sourceTree = "<group>";
		};
/* End PBXVariantGroup section */

/* Begin XCBuildConfiguration section */
		9C773BD3287F3177008C4921 /* Debug */ = {
			isa = XCBuildConfiguration;
			buildSettings = {
				ALWAYS_SEARCH_USER_PATHS = NO;
				CLANG_ANALYZER_NONNULL = YES;
				CLANG_ANALYZER_NUMBER_OBJECT_CONVERSION = YES_AGGRESSIVE;
				CLANG_CXX_LANGUAGE_STANDARD = "gnu++17";
				CLANG_CXX_LIBRARY = "libc++";
				CLANG_ENABLE_MODULES = YES;
				CLANG_ENABLE_OBJC_ARC = YES;
				CLANG_ENABLE_OBJC_WEAK = YES;
				CLANG_WARN_BLOCK_CAPTURE_AUTORELEASING = YES;
				CLANG_WARN_BOOL_CONVERSION = YES;
				CLANG_WARN_COMMA = YES;
				CLANG_WARN_CONSTANT_CONVERSION = YES;
				CLANG_WARN_DEPRECATED_OBJC_IMPLEMENTATIONS = YES;
				CLANG_WARN_DIRECT_OBJC_ISA_USAGE = YES_ERROR;
				CLANG_WARN_DOCUMENTATION_COMMENTS = YES;
				CLANG_WARN_EMPTY_BODY = YES;
				CLANG_WARN_ENUM_CONVERSION = YES;
				CLANG_WARN_INFINITE_RECURSION = YES;
				CLANG_WARN_INT_CONVERSION = YES;
				CLANG_WARN_NON_LITERAL_NULL_CONVERSION = YES;
				CLANG_WARN_OBJC_IMPLICIT_RETAIN_SELF = YES;
				CLANG_WARN_OBJC_LITERAL_CONVERSION = YES;
				CLANG_WARN_OBJC_ROOT_CLASS = YES_ERROR;
				CLANG_WARN_QUOTED_INCLUDE_IN_FRAMEWORK_HEADER = YES;
				CLANG_WARN_RANGE_LOOP_ANALYSIS = YES;
				CLANG_WARN_STRICT_PROTOTYPES = YES;
				CLANG_WARN_SUSPICIOUS_MOVE = YES;
				CLANG_WARN_UNGUARDED_AVAILABILITY = YES_AGGRESSIVE;
				CLANG_WARN_UNREACHABLE_CODE = YES;
				CLANG_WARN__DUPLICATE_METHOD_MATCH = YES;
				COPY_PHASE_STRIP = NO;
				DEBUG_INFORMATION_FORMAT = dwarf;
				ENABLE_STRICT_OBJC_MSGSEND = YES;
				ENABLE_TESTABILITY = YES;
				GCC_C_LANGUAGE_STANDARD = gnu11;
				GCC_DYNAMIC_NO_PIC = NO;
				GCC_NO_COMMON_BLOCKS = YES;
				GCC_OPTIMIZATION_LEVEL = 0;
				GCC_PREPROCESSOR_DEFINITIONS = (
					"DEBUG=1",
					"$(inherited)",
				);
				GCC_WARN_64_TO_32_BIT_CONVERSION = YES;
				GCC_WARN_ABOUT_RETURN_TYPE = YES_ERROR;
				GCC_WARN_UNDECLARED_SELECTOR = YES;
				GCC_WARN_UNINITIALIZED_AUTOS = YES_AGGRESSIVE;
				GCC_WARN_UNUSED_FUNCTION = YES;
				GCC_WARN_UNUSED_VARIABLE = YES;
				IPHONEOS_DEPLOYMENT_TARGET = 15.2;
				MTL_ENABLE_DEBUG_INFO = INCLUDE_SOURCE;
				MTL_FAST_MATH = YES;
				ONLY_ACTIVE_ARCH = YES;
				SDKROOT = iphoneos;
				SWIFT_ACTIVE_COMPILATION_CONDITIONS = DEBUG;
				SWIFT_OPTIMIZATION_LEVEL = "-Onone";
			};
			name = Debug;
		};
		9C773BD4287F3177008C4921 /* Release */ = {
			isa = XCBuildConfiguration;
			buildSettings = {
				ALWAYS_SEARCH_USER_PATHS = NO;
				CLANG_ANALYZER_NONNULL = YES;
				CLANG_ANALYZER_NUMBER_OBJECT_CONVERSION = YES_AGGRESSIVE;
				CLANG_CXX_LANGUAGE_STANDARD = "gnu++17";
				CLANG_CXX_LIBRARY = "libc++";
				CLANG_ENABLE_MODULES = YES;
				CLANG_ENABLE_OBJC_ARC = YES;
				CLANG_ENABLE_OBJC_WEAK = YES;
				CLANG_WARN_BLOCK_CAPTURE_AUTORELEASING = YES;
				CLANG_WARN_BOOL_CONVERSION = YES;
				CLANG_WARN_COMMA = YES;
				CLANG_WARN_CONSTANT_CONVERSION = YES;
				CLANG_WARN_DEPRECATED_OBJC_IMPLEMENTATIONS = YES;
				CLANG_WARN_DIRECT_OBJC_ISA_USAGE = YES_ERROR;
				CLANG_WARN_DOCUMENTATION_COMMENTS = YES;
				CLANG_WARN_EMPTY_BODY = YES;
				CLANG_WARN_ENUM_CONVERSION = YES;
				CLANG_WARN_INFINITE_RECURSION = YES;
				CLANG_WARN_INT_CONVERSION = YES;
				CLANG_WARN_NON_LITERAL_NULL_CONVERSION = YES;
				CLANG_WARN_OBJC_IMPLICIT_RETAIN_SELF = YES;
				CLANG_WARN_OBJC_LITERAL_CONVERSION = YES;
				CLANG_WARN_OBJC_ROOT_CLASS = YES_ERROR;
				CLANG_WARN_QUOTED_INCLUDE_IN_FRAMEWORK_HEADER = YES;
				CLANG_WARN_RANGE_LOOP_ANALYSIS = YES;
				CLANG_WARN_STRICT_PROTOTYPES = YES;
				CLANG_WARN_SUSPICIOUS_MOVE = YES;
				CLANG_WARN_UNGUARDED_AVAILABILITY = YES_AGGRESSIVE;
				CLANG_WARN_UNREACHABLE_CODE = YES;
				CLANG_WARN__DUPLICATE_METHOD_MATCH = YES;
				COPY_PHASE_STRIP = NO;
				DEBUG_INFORMATION_FORMAT = "dwarf-with-dsym";
				ENABLE_NS_ASSERTIONS = NO;
				ENABLE_STRICT_OBJC_MSGSEND = YES;
				GCC_C_LANGUAGE_STANDARD = gnu11;
				GCC_NO_COMMON_BLOCKS = YES;
				GCC_WARN_64_TO_32_BIT_CONVERSION = YES;
				GCC_WARN_ABOUT_RETURN_TYPE = YES_ERROR;
				GCC_WARN_UNDECLARED_SELECTOR = YES;
				GCC_WARN_UNINITIALIZED_AUTOS = YES_AGGRESSIVE;
				GCC_WARN_UNUSED_FUNCTION = YES;
				GCC_WARN_UNUSED_VARIABLE = YES;
				IPHONEOS_DEPLOYMENT_TARGET = 15.2;
				MTL_ENABLE_DEBUG_INFO = NO;
				MTL_FAST_MATH = YES;
				SDKROOT = iphoneos;
				SWIFT_COMPILATION_MODE = wholemodule;
				SWIFT_OPTIMIZATION_LEVEL = "-O";
				VALIDATE_PRODUCT = YES;
			};
			name = Release;
		};
		9C773BD6287F3177008C4921 /* Debug */ = {
			isa = XCBuildConfiguration;
			baseConfigurationReference = 590A3B86FE5E99FD220CE60E /* Pods-VKNewsFeed.debug.xcconfig */;
			buildSettings = {
				ASSETCATALOG_COMPILER_APPICON_NAME = AppIcon;
				ASSETCATALOG_COMPILER_GLOBAL_ACCENT_COLOR_NAME = AccentColor;
				CODE_SIGN_STYLE = Automatic;
				CURRENT_PROJECT_VERSION = 1;
				GENERATE_INFOPLIST_FILE = YES;
				INFOPLIST_FILE = VKNewsFeed/Info.plist;
				INFOPLIST_KEY_UIApplicationSupportsIndirectInputEvents = YES;
				INFOPLIST_KEY_UILaunchStoryboardName = LaunchScreen;
				INFOPLIST_KEY_UISupportedInterfaceOrientations_iPad = "UIInterfaceOrientationPortrait UIInterfaceOrientationPortraitUpsideDown UIInterfaceOrientationLandscapeLeft UIInterfaceOrientationLandscapeRight";
				INFOPLIST_KEY_UISupportedInterfaceOrientations_iPhone = "UIInterfaceOrientationPortrait UIInterfaceOrientationLandscapeLeft UIInterfaceOrientationLandscapeRight";
				LD_RUNPATH_SEARCH_PATHS = (
					"$(inherited)",
					"@executable_path/Frameworks",
				);
				MARKETING_VERSION = 1.0;
				PRODUCT_BUNDLE_IDENTIFIER = first.VKNewsFeed;
				PRODUCT_NAME = "$(TARGET_NAME)";
				SWIFT_EMIT_LOC_STRINGS = YES;
				SWIFT_VERSION = 5.0;
				TARGETED_DEVICE_FAMILY = "1,2";
			};
			name = Debug;
		};
		9C773BD7287F3177008C4921 /* Release */ = {
			isa = XCBuildConfiguration;
			baseConfigurationReference = 3D31A4435FAC3DE326C8408D /* Pods-VKNewsFeed.release.xcconfig */;
			buildSettings = {
				ASSETCATALOG_COMPILER_APPICON_NAME = AppIcon;
				ASSETCATALOG_COMPILER_GLOBAL_ACCENT_COLOR_NAME = AccentColor;
				CODE_SIGN_STYLE = Automatic;
				CURRENT_PROJECT_VERSION = 1;
				GENERATE_INFOPLIST_FILE = YES;
				INFOPLIST_FILE = VKNewsFeed/Info.plist;
				INFOPLIST_KEY_UIApplicationSupportsIndirectInputEvents = YES;
				INFOPLIST_KEY_UILaunchStoryboardName = LaunchScreen;
				INFOPLIST_KEY_UISupportedInterfaceOrientations_iPad = "UIInterfaceOrientationPortrait UIInterfaceOrientationPortraitUpsideDown UIInterfaceOrientationLandscapeLeft UIInterfaceOrientationLandscapeRight";
				INFOPLIST_KEY_UISupportedInterfaceOrientations_iPhone = "UIInterfaceOrientationPortrait UIInterfaceOrientationLandscapeLeft UIInterfaceOrientationLandscapeRight";
				LD_RUNPATH_SEARCH_PATHS = (
					"$(inherited)",
					"@executable_path/Frameworks",
				);
				MARKETING_VERSION = 1.0;
				PRODUCT_BUNDLE_IDENTIFIER = first.VKNewsFeed;
				PRODUCT_NAME = "$(TARGET_NAME)";
				SWIFT_EMIT_LOC_STRINGS = YES;
				SWIFT_VERSION = 5.0;
				TARGETED_DEVICE_FAMILY = "1,2";
			};
			name = Release;
		};
/* End XCBuildConfiguration section */

/* Begin XCConfigurationList section */
		9C773BBC287F3177008C4921 /* Build configuration list for PBXProject "VKNewsFeed" */ = {
			isa = XCConfigurationList;
			buildConfigurations = (
				9C773BD3287F3177008C4921 /* Debug */,
				9C773BD4287F3177008C4921 /* Release */,
			);
			defaultConfigurationIsVisible = 0;
			defaultConfigurationName = Release;
		};
		9C773BD5287F3177008C4921 /* Build configuration list for PBXNativeTarget "VKNewsFeed" */ = {
			isa = XCConfigurationList;
			buildConfigurations = (
				9C773BD6287F3177008C4921 /* Debug */,
				9C773BD7287F3177008C4921 /* Release */,
			);
			defaultConfigurationIsVisible = 0;
			defaultConfigurationName = Release;
		};
/* End XCConfigurationList section */
	};
	rootObject = 9C773BB9287F3177008C4921 /* Project object */;
}
